
Microsoft Visual Studio Solution File, Format Version 12.00
# Visual Studio 2013
VisualStudioVersion = 12.0.21005.1
MinimumVisualStudioVersion = 10.0.40219.1
Project("{8BC9CEB8-8B4A-11D0-8D11-00A0C91BC942}") = "ZhiHu_SimpleLog", "ZhiHu_SimpleLog\ZhiHu_SimpleLog.vcxproj", "{69451828-FCDC-4406-A937-6D23F97CA7E0}"
EndProject
Project("{8BC9CEB8-8B4A-11D0-8D11-00A0C91BC942}") = "LogClient", "LogClient\LogClient.vcxproj", "{5BFEFD2E-A8D4-4B57-9E09-4516D1952812}"
EndProject
Global
	GlobalSection(SolutionConfigurationPlatforms) = preSolution
		Debug|Win32 = Debug|Win32
		Release|Win32 = Release|Win32
	EndGlobalSection
	GlobalSection(ProjectConfigurationPlatforms) = postSolution
		{69451828-FCDC-4406-A937-6D23F97CA7E0}.Debug|Win32.ActiveCfg = Debug|Win32
		{69451828-FCDC-4406-A937-6D23F97CA7E0}.Debug|Win32.Build.0 = Debug|Win32
		{69451828-FCDC-4406-A937-6D23F97CA7E0}.Release|Win32.ActiveCfg = Release|Win32
		{69451828-FCDC-4406-A937-6D23F97CA7E0}.Release|Win32.Build.0 = Release|Win32
		{5BFEFD2E-A8D4-4B57-9E09-4516D1952812}.Debug|Win32.ActiveCfg = Debug|Win32
		{5BFEFD2E-A8D4-4B57-9E09-4516D1952812}.Debug|Win32.Build.0 = Debug|Win32
		{5BFEFD2E-A8D4-4B57-9E09-4516D1952812}.Release|Win32.ActiveCfg = Release|Win32
		{5BFEFD2E-A8D4-4B57-9E09-4516D1952812}.Release|Win32.Build.0 = Release|Win32
	EndGlobalSection
	GlobalSection(SolutionProperties) = preSolution
		HideSolutionNode = FALSE
	EndGlobalSection
EndGlobal
